
Microsoft Visual Studio Solution File, Format Version 12.00
# Visual Studio 14
VisualStudioVersion = 14.0.25420.1
MinimumVisualStudioVersion = 10.0.40219.1
Project("{FAE04EC0-301F-11D3-BF4B-00C04F79EFBC}") = "MajmaUloomUlIslamia", "ImdadUlUloom\MajmaUloomUlIslamia.csproj", "{C29A8A94-8F21-493C-ADBA-0C1112FA461E}"
EndProject
Global
	GlobalSection(SolutionConfigurationPlatforms) = preSolution
		Debug|Any CPU = Debug|Any CPU
		Release|Any CPU = Release|Any CPU
	EndGlobalSection
	GlobalSection(ProjectConfigurationPlatforms) = postSolution
		{C29A8A94-8F21-493C-ADBA-0C1112FA461E}.Debug|Any CPU.ActiveCfg = Debug|Any CPU
		{C29A8A94-8F21-493C-ADBA-0C1112FA461E}.Debug|Any CPU.Build.0 = Debug|Any CPU
		{C29A8A94-8F21-493C-ADBA-0C1112FA461E}.Release|Any CPU.ActiveCfg = Release|Any CPU
		{C29A8A94-8F21-493C-ADBA-0C1112FA461E}.Release|Any CPU.Build.0 = Release|Any CPU
	EndGlobalSection
	GlobalSection(SolutionProperties) = preSolution
		HideSolutionNode = FALSE
	EndGlobalSection
EndGlobal
